
Microsoft Visual Studio Solution File, Format Version 12.00
Project("{FAE04EC0-301F-11D3-BF4B-00C04F79EFBC}") = "BSXIV", "BSXIV\BSXIV.csproj", "{5E2F42EB-A4B4-469A-AE3D-4F568FD1DB44}"
EndProject
Global
	GlobalSection(SolutionConfigurationPlatforms) = preSolution
		Debug|Any CPU = Debug|Any CPU
		Release|Any CPU = Release|Any CPU
	EndGlobalSection
	GlobalSection(ProjectConfigurationPlatforms) = postSolution
		{5E2F42EB-A4B4-469A-AE3D-4F568FD1DB44}.Debug|Any CPU.ActiveCfg = Debug|Any CPU
		{5E2F42EB-A4B4-469A-AE3D-4F568FD1DB44}.Debug|Any CPU.Build.0 = Debug|Any CPU
		{5E2F42EB-A4B4-469A-AE3D-4F568FD1DB44}.Release|Any CPU.ActiveCfg = Release|Any CPU
		{5E2F42EB-A4B4-469A-AE3D-4F568FD1DB44}.Release|Any CPU.Build.0 = Release|Any CPU
	EndGlobalSection
EndGlobal
